<?xml version="1.0" encoding="utf-8"?>
<Project ToolsVersion="4.0" xmlns="http://schemas.microsoft.com/developer/msbuild/2003">
  <ItemGroup>
    <Filter Include="Source Files">
      <UniqueIdentifier>{4FC737F1-C7A5-4376-A066-2A32D752A2FF}</UniqueIdentifier>
      <Extensions>cpp;c;cc;cxx;c++;cppm;ixx;def;odl;idl;hpj;bat;asm;asmx</Extensions>
    </Filter>
    <Filter Include="Header Files">
      <UniqueIdentifier>{93995380-89BD-4b04-88EB-625FBE52EBFB}</UniqueIdentifier>
      <Extensions>h;hh;hpp;hxx;h++;hm;inl;inc;ipp;xsd</Extensions>
    </Filter>
    <Filter Include="Resource Files">
      <UniqueIdentifier>{67DA6AB6-F800-4c08-8B7A-83BB121AAD01}</UniqueIdentifier>
      <Extensions>rc;ico;cur;bmp;dlg;rc2;rct;bin;rgs;gif;jpg;jpeg;jpe;resx;tiff;tif;png;wav;mfcribbon-ms</Extensions>
    </Filter>
  </ItemGroup>
  <ItemGroup>
    <ClCompile Include="zPAINTSTRUCT.cpp">
      <Filter>Source Files</Filter>
    </ClCompile>
    <ClCompile Include="com_khopan_win32_Win32.h">
      <Filter>Header Files</Filter>
    </ClCompile>
    <ClCompile Include="BeginPaint.cpp">
      <Filter>Source Files</Filter>
    </ClCompile>
    <ClCompile Include="CreateWindowEx.cpp">
      <Filter>Source Files</Filter>
    </ClCompile>
    <ClCompile Include="zMemoryAddress.cpp">
      <Filter>Source Files</Filter>
    </ClCompile>
    <ClCompile Include="zException.cpp">
      <Filter>Source Files</Filter>
    </ClCompile>
    <ClCompile Include="zCommon.cpp">
      <Filter>Source Files</Filter>
    </ClCompile>
    <ClCompile Include="GetModuleHandle.cpp">
      <Filter>Source Files</Filter>
    </ClCompile>
    <ClCompile Include="RegisterClass.cpp">
      <Filter>Source Files</Filter>
    </ClCompile>
    <ClCompile Include="GetMessage.cpp">
      <Filter>Source Files</Filter>
    </ClCompile>
    <ClCompile Include="zMSG.cpp">
      <Filter>Source Files</Filter>
    </ClCompile>
    <ClCompile Include="TranslateMessage.cpp">
      <Filter>Source Files</Filter>
    </ClCompile>
    <ClCompile Include="DispatchMessage.cpp">
      <Filter>Source Files</Filter>
    </ClCompile>
    <ClCompile Include="zProcedure.cpp">
      <Filter>Source Files</Filter>
    </ClCompile>
    <ClCompile Include="DefWindowProc.cpp">
      <Filter>Source Files</Filter>
    </ClCompile>
    <ClCompile Include="DestroyWindow.cpp">
      <Filter>Source Files</Filter>
    </ClCompile>
    <ClCompile Include="PostQuitMessage.cpp">
      <Filter>Source Files</Filter>
    </ClCompile>
    <ClCompile Include="LoadCursor.cpp">
      <Filter>Source Files</Filter>
    </ClCompile>
    <ClCompile Include="GetStockObject.cpp">
      <Filter>Source Files</Filter>
    </ClCompile>
    <ClCompile Include="SetDCBrushColor.cpp">
      <Filter>Source Files</Filter>
    </ClCompile>
    <ClCompile Include="EndPaint.cpp">
      <Filter>Source Files</Filter>
    </ClCompile>
    <ClCompile Include="zRECT.cpp">
      <Filter>Source Files</Filter>
    </ClCompile>
    <ClCompile Include="FillRect.cpp">
      <Filter>Source Files</Filter>
    </ClCompile>
    <ClCompile Include="InvalidateRect.cpp">
      <Filter>Source Files</Filter>
    </ClCompile>
    <ClCompile Include="SendMessage.cpp">
      <Filter>Source Files</Filter>
    </ClCompile>
    <ClCompile Include="SystemParametersInfo.cpp">
      <Filter>Source Files</Filter>
    </ClCompile>
    <ClCompile Include="yGetMemoryAddress.cpp">
      <Filter>Source Files</Filter>
    </ClCompile>
    <ClCompile Include="yUpdateObject.cpp">
      <Filter>Source Files</Filter>
    </ClCompile>
    <ClCompile Include="zNONCLIENTMETRICS.cpp">
      <Filter>Source Files</Filter>
    </ClCompile>
    <ClCompile Include="zLOGFONT.cpp">
      <Filter>Source Files</Filter>
    </ClCompile>
    <ClCompile Include="GetSystemMetrics.cpp">
      <Filter>Source Files</Filter>
    </ClCompile>
    <ClCompile Include="CreateFontIndirect.cpp">
      <Filter>Source Files</Filter>
    </ClCompile>
    <ClCompile Include="GetLastError.cpp">
      <Filter>Source Files</Filter>
    </ClCompile>
    <ClCompile Include="SetTextColor.cpp">
      <Filter>Source Files</Filter>
    </ClCompile>
    <ClCompile Include="DrawText.cpp">
      <Filter>Source Files</Filter>
    </ClCompile>
    <ClCompile Include="SelectObject.cpp">
      <Filter>Source Files</Filter>
    </ClCompile>
    <ClCompile Include="DeleteObject.cpp">
      <Filter>Source Files</Filter>
    </ClCompile>
    <ClCompile Include="GetClientRect.cpp">
      <Filter>Source Files</Filter>
    </ClCompile>
    <ClCompile Include="CreateSolidBrush.cpp">
      <Filter>Source Files</Filter>
    </ClCompile>
    <ClCompile Include="SetBkColor.cpp">
      <Filter>Source Files</Filter>
    </ClCompile>
    <ClCompile Include="BitBlt.cpp">
      <Filter>Source Files</Filter>
    </ClCompile>
    <ClCompile Include="CreateCompatibleBitmap.cpp">
      <Filter>Source Files</Filter>
    </ClCompile>
    <ClCompile Include="CreateCompatibleDC.cpp">
      <Filter>Source Files</Filter>
    </ClCompile>
    <ClCompile Include="DeleteDC.cpp">
      <Filter>Source Files</Filter>
    </ClCompile>
    <ClCompile Include="zPOINT.cpp">
      <Filter>Source Files</Filter>
    </ClCompile>
    <ClCompile Include="Polygon.cpp">
      <Filter>Source Files</Filter>
    </ClCompile>
    <ClCompile Include="SetDIBitsToDevice.cpp">
      <Filter>Source Files</Filter>
    </ClCompile>
    <ClCompile Include="zBITMAPINFO.cpp">
      <Filter>Source Files</Filter>
    </ClCompile>
    <ClCompile Include="zBITMAPINFOHEADER.cpp">
      <Filter>Source Files</Filter>
    </ClCompile>
    <ClCompile Include="zRGBQUAD.cpp">
      <Filter>Source Files</Filter>
    </ClCompile>
    <ClCompile Include="aMain.cpp">
      <Filter>Source Files</Filter>
    </ClCompile>
    <ClCompile Include="CreatePen.cpp">
      <Filter>Source Files</Filter>
    </ClCompile>
    <ClCompile Include="SetDCPenColor.cpp">
      <Filter>Source Files</Filter>
    </ClCompile>
    <ClCompile Include="SetWindowPos.cpp">
      <Filter>Source Files</Filter>
    </ClCompile>
    <ClCompile Include="ShowWindow.cpp">
      <Filter>Source Files</Filter>
    </ClCompile>
    <ClCompile Include="CoInitialize.cpp">
      <Filter>Source Files</Filter>
    </ClCompile>
    <ClCompile Include="CoInitializeEx.cpp">
      <Filter>Source Files</Filter>
    </ClCompile>
    <ClCompile Include="CoUninitialize.cpp">
      <Filter>Source Files</Filter>
    </ClCompile>
    <ClCompile Include="xFormatErrorMessage.cpp">
      <Filter>Source Files</Filter>
    </ClCompile>
    <ClCompile Include="MFShutdown.cpp">
      <Filter>Source Files</Filter>
    </ClCompile>
    <ClCompile Include="MFStartup.cpp">
      <Filter>Source Files</Filter>
    </ClCompile>
    <ClCompile Include="ExitWindowsEx.cpp">
      <Filter>Source Files</Filter>
    </ClCompile>
    <ClCompile Include="InitiateSystemShutdown.cpp">
      <Filter>Source Files</Filter>
    </ClCompile>
    <ClCompile Include="InitiateSystemShutdownEx.cpp">
      <Filter>Source Files</Filter>
    </ClCompile>
    <ClCompile Include="AbortSystemShutdown.cpp">
      <Filter>Source Files</Filter>
    </ClCompile>
    <ClCompile Include="MessageBox.cpp">
      <Filter>Source Files</Filter>
    </ClCompile>
    <ClCompile Include="MFCreateAttributes.cpp">
      <Filter>Source Files</Filter>
    </ClCompile>
    <ClCompile Include="IMFAttributes.SetGUID.cpp">
      <Filter>Source Files</Filter>
    </ClCompile>
    <ClCompile Include="zGUID.cpp">
      <Filter>Source Files</Filter>
    </ClCompile>
    <ClCompile Include="CoTaskMemFree.cpp">
      <Filter>Source Files</Filter>
    </ClCompile>
    <ClCompile Include="MFEnumDeviceSources.cpp">
      <Filter>Source Files</Filter>
    </ClCompile>
  </ItemGroup>
  <ItemGroup>
    <ClInclude Include="javahelper.h">
      <Filter>Header Files</Filter>
    </ClInclude>
    <ClInclude Include="procedure.h">
      <Filter>Header Files</Filter>
    </ClInclude>
    <ClInclude Include="com_khopan_win32_BareMetal.h">
      <Filter>Header Files</Filter>
    </ClInclude>
    <ClInclude Include="com_khopan_win32_mediafoundation_IMFAttributes.h">
      <Filter>Header Files</Filter>
    </ClInclude>
  </ItemGroup>
</Project>